
Microsoft Visual Studio Solution File, Format Version 12.00
# Visual Studio Version 17
VisualStudioVersion = 17.4.33110.190
MinimumVisualStudioVersion = 10.0.40219.1
Project("{FAE04EC0-301F-11D3-BF4B-00C04F79EFBC}") = "SolveVeryLargeNumbers", "SolveVeryLargeNumbers\SolveVeryLargeNumbers.csproj", "{B05BC884-EFDD-4D36-AEAD-282750EFEF34}"
EndProject
Global
	GlobalSection(SolutionConfigurationPlatforms) = preSolution
		Debug|Any CPU = Debug|Any CPU
		Debug|x64 = Debug|x64
		Release|Any CPU = Release|Any CPU
		Release|x64 = Release|x64
	EndGlobalSection
	GlobalSection(ProjectConfigurationPlatforms) = postSolution
		{B05BC884-EFDD-4D36-AEAD-282750EFEF34}.Debug|Any CPU.ActiveCfg = Debug|Any CPU
		{B05BC884-EFDD-4D36-AEAD-282750EFEF34}.Debug|Any CPU.Build.0 = Debug|Any CPU
		{B05BC884-EFDD-4D36-AEAD-282750EFEF34}.Debug|x64.ActiveCfg = Debug|x64
		{B05BC884-EFDD-4D36-AEAD-282750EFEF34}.Debug|x64.Build.0 = Debug|x64
		{B05BC884-EFDD-4D36-AEAD-282750EFEF34}.Release|Any CPU.ActiveCfg = Release|Any CPU
		{B05BC884-EFDD-4D36-AEAD-282750EFEF34}.Release|Any CPU.Build.0 = Release|Any CPU
		{B05BC884-EFDD-4D36-AEAD-282750EFEF34}.Release|x64.ActiveCfg = Release|x64
		{B05BC884-EFDD-4D36-AEAD-282750EFEF34}.Release|x64.Build.0 = Release|x64
	EndGlobalSection
	GlobalSection(SolutionProperties) = preSolution
		HideSolutionNode = FALSE
	EndGlobalSection
	GlobalSection(ExtensibilityGlobals) = postSolution
		SolutionGuid = {71B79CF1-855F-4154-8596-72385F378416}
	EndGlobalSection
EndGlobal
